PODS:
  - PasswordEvaluator (0.0.1)

DEPENDENCIES:
  - PasswordEvaluator (from `../`)

EXTERNAL SOURCES:
  PasswordEvaluator:
    :path: "../"

SPEC CHECKSUMS:
  PasswordEvaluator: 06ef2a0024a521053e47088af577b9c2bd76eeab

PODFILE CHECKSUM: 478f5b4f4eb2d3b9011c1b0882ba85a7e47b38e4

COCOAPODS: 1.10.1
