PODS:
  - PasswordEvaluator (0.0.3)

DEPENDENCIES:
  - PasswordEvaluator (from `../`)

EXTERNAL SOURCES:
  PasswordEvaluator:
    :path: "../"

SPEC CHECKSUMS:
  PasswordEvaluator: b551068ad20e1a237abb782dc3e5b37dbcd9736d

PODFILE CHECKSUM: 478f5b4f4eb2d3b9011c1b0882ba85a7e47b38e4

COCOAPODS: 1.10.1
